# This file was autogenerated by Stack.
# You should not edit this file by hand.
# For more information, please see the documentation at:
#   https://docs.haskellstack.org/en/stable/lock_files

packages: []
snapshots:
- completed:
    sha256: a7d2c450e7578825f80601b9d244f2107d9cc708430e070d2978e15a97b5c6dc
    size: 590822
    url: https://raw.githubusercontent.com/commercialhaskell/stackage-snapshots/master/nightly/2022/5/29.yaml
  original: nightly-2022-05-29
